// !$*UTF8*$!
{
	archiveVersion = 1;
	classes = {
	};
	objectVersion = 55;
	objects = {

/* Begin PBXBuildFile section */
		AA35FC3628AAC7F400ACBDA7 /* Realm in Frameworks */ = {isa = PBXBuildFile; productRef = AA35FC3528AAC7F400ACBDA7 /* Realm */; };
		AA35FC3828AAC7F400ACBDA7 /* RealmSwift in Frameworks */ = {isa = PBXBuildFile; productRef = AA35FC3728AAC7F400ACBDA7 /* RealmSwift */; };
		AAEC4A9A28A048350070DAF2 /* ContactsManipulationApp.swift in Sources */ = {isa = PBXBuildFile; fileRef = AAEC4A9928A048350070DAF2 /* ContactsManipulationApp.swift */; };
		AAEC4A9C28A048350070DAF2 /* ContentView.swift in Sources */ = {isa = PBXBuildFile; fileRef = AAEC4A9B28A048350070DAF2 /* ContentView.swift */; };
		AAEC4A9E28A048370070DAF2 /* Assets.xcassets in Resources */ = {isa = PBXBuildFile; fileRef = AAEC4A9D28A048370070DAF2 /* Assets.xcassets */; };
		AAEC4AA128A048370070DAF2 /* Preview Assets.xcassets in Resources */ = {isa = PBXBuildFile; fileRef = AAEC4AA028A048370070DAF2 /* Preview Assets.xcassets */; };
		AAEC4AAA28A049320070DAF2 /* Contact.swift in Sources */ = {isa = PBXBuildFile; fileRef = AAEC4AA928A049320070DAF2 /* Contact.swift */; };
		AAEC4AAC28A049620070DAF2 /* ViewModel.swift in Sources */ = {isa = PBXBuildFile; fileRef = AAEC4AAB28A049620070DAF2 /* ViewModel.swift */; };
		AAEC4AB428A3DA7F0070DAF2 /* DetailView.swift in Sources */ = {isa = PBXBuildFile; fileRef = AAEC4AB328A3DA7F0070DAF2 /* DetailView.swift */; };
		AAEC4AB628A3DB130070DAF2 /* ContactCell.swift in Sources */ = {isa = PBXBuildFile; fileRef = AAEC4AB528A3DB130070DAF2 /* ContactCell.swift */; };
		AAEC4AB828A3DBD90070DAF2 /* Modifications.swift in Sources */ = {isa = PBXBuildFile; fileRef = AAEC4AB728A3DBD90070DAF2 /* Modifications.swift */; };
		AAEC4ABB28A4FC130070DAF2 /* Realm in Frameworks */ = {isa = PBXBuildFile; productRef = AAEC4ABA28A4FC130070DAF2 /* Realm */; };
		AAEC4ABD28A4FC130070DAF2 /* RealmSwift in Frameworks */ = {isa = PBXBuildFile; productRef = AAEC4ABC28A4FC130070DAF2 /* RealmSwift */; };
		AAEC4AC928A51DC50070DAF2 /* ContactsEdit.swift in Sources */ = {isa = PBXBuildFile; fileRef = AAEC4AC828A51DC50070DAF2 /* ContactsEdit.swift */; };
/* End PBXBuildFile section */

/* Begin PBXFileReference section */
		AAEC4A9628A048350070DAF2 /* ContactsManipulation.app */ = {isa = PBXFileReference; explicitFileType = wrapper.application; includeInIndex = 0; path = ContactsManipulation.app; sourceTree = BUILT_PRODUCTS_DIR; };
		AAEC4A9928A048350070DAF2 /* ContactsManipulationApp.swift */ = {isa = PBXFileReference; lastKnownFileType = sourcecode.swift; path = ContactsManipulationApp.swift; sourceTree = "<group>"; };
		AAEC4A9B28A048350070DAF2 /* ContentView.swift */ = {isa = PBXFileReference; lastKnownFileType = sourcecode.swift; path = ContentView.swift; sourceTree = "<group>"; };
		AAEC4A9D28A048370070DAF2 /* Assets.xcassets */ = {isa = PBXFileReference; lastKnownFileType = folder.assetcatalog; path = Assets.xcassets; sourceTree = "<group>"; };
		AAEC4AA028A048370070DAF2 /* Preview Assets.xcassets */ = {isa = PBXFileReference; lastKnownFileType = folder.assetcatalog; path = "Preview Assets.xcassets"; sourceTree = "<group>"; };
		AAEC4AA928A049320070DAF2 /* Contact.swift */ = {isa = PBXFileReference; lastKnownFileType = sourcecode.swift; path = Contact.swift; sourceTree = "<group>"; };
		AAEC4AAB28A049620070DAF2 /* ViewModel.swift */ = {isa = PBXFileReference; lastKnownFileType = sourcecode.swift; path = ViewModel.swift; sourceTree = "<group>"; };
		AAEC4AB328A3DA7F0070DAF2 /* DetailView.swift */ = {isa = PBXFileReference; lastKnownFileType = sourcecode.swift; path = DetailView.swift; sourceTree = "<group>"; };
		AAEC4AB528A3DB130070DAF2 /* ContactCell.swift */ = {isa = PBXFileReference; lastKnownFileType = sourcecode.swift; path = ContactCell.swift; sourceTree = "<group>"; };
		AAEC4AB728A3DBD90070DAF2 /* Modifications.swift */ = {isa = PBXFileReference; lastKnownFileType = sourcecode.swift; path = Modifications.swift; sourceTree = "<group>"; };
		AAEC4AC828A51DC50070DAF2 /* ContactsEdit.swift */ = {isa = PBXFileReference; lastKnownFileType = sourcecode.swift; path = ContactsEdit.swift; sourceTree = "<group>"; };
/* End PBXFileReference section */

/* Begin PBXFrameworksBuildPhase section */
		AAEC4A9328A048350070DAF2 /* Frameworks */ = {
			isa = PBXFrameworksBuildPhase;
			buildActionMask = 2147483647;
			files = (
				AA35FC3828AAC7F400ACBDA7 /* RealmSwift in Frameworks */,
				AA35FC3628AAC7F400ACBDA7 /* Realm in Frameworks */,
				AAEC4ABD28A4FC130070DAF2 /* RealmSwift in Frameworks */,
				AAEC4ABB28A4FC130070DAF2 /* Realm in Frameworks */,
			);
			runOnlyForDeploymentPostprocessing = 0;
		};
/* End PBXFrameworksBuildPhase section */

/* Begin PBXGroup section */
		AA35FC2B28A58F6E00ACBDA7 /* Views */ = {
			isa = PBXGroup;
			children = (
				AAEC4A9B28A048350070DAF2 /* ContentView.swift */,
				AAEC4AB328A3DA7F0070DAF2 /* DetailView.swift */,
				AAEC4AB528A3DB130070DAF2 /* ContactCell.swift */,
				AAEC4AC828A51DC50070DAF2 /* ContactsEdit.swift */,
			);
			path = Views;
			sourceTree = "<group>";
		};
		AA35FC2C28A58F8800ACBDA7 /* Model */ = {
			isa = PBXGroup;
			children = (
				AAEC4AA928A049320070DAF2 /* Contact.swift */,
			);
			path = Model;
			sourceTree = "<group>";
		};
		AA35FC2D28A58F9900ACBDA7 /* ViewModel */ = {
			isa = PBXGroup;
			children = (
				AAEC4AAB28A049620070DAF2 /* ViewModel.swift */,
			);
			path = ViewModel;
			sourceTree = "<group>";
		};
		AAEC4A8D28A048350070DAF2 = {
			isa = PBXGroup;
			children = (
				AAEC4A9828A048350070DAF2 /* ContactsManipulation */,
				AAEC4A9728A048350070DAF2 /* Products */,
			);
			sourceTree = "<group>";
		};
		AAEC4A9728A048350070DAF2 /* Products */ = {
			isa = PBXGroup;
			children = (
				AAEC4A9628A048350070DAF2 /* ContactsManipulation.app */,
			);
			name = Products;
			sourceTree = "<group>";
		};
		AAEC4A9828A048350070DAF2 /* ContactsManipulation */ = {
			isa = PBXGroup;
			children = (
				AA35FC2D28A58F9900ACBDA7 /* ViewModel */,
				AA35FC2C28A58F8800ACBDA7 /* Model */,
				AA35FC2B28A58F6E00ACBDA7 /* Views */,
				AAEC4A9928A048350070DAF2 /* ContactsManipulationApp.swift */,
				AAEC4A9D28A048370070DAF2 /* Assets.xcassets */,
				AAEC4A9F28A048370070DAF2 /* Preview Content */,
				AAEC4AB728A3DBD90070DAF2 /* Modifications.swift */,
			);
			path = ContactsManipulation;
			sourceTree = "<group>";
		};
		AAEC4A9F28A048370070DAF2 /* Preview Content */ = {
			isa = PBXGroup;
			children = (
				AAEC4AA028A048370070DAF2 /* Preview Assets.xcassets */,
			);
			path = "Preview Content";
			sourceTree = "<group>";
		};
/* End PBXGroup section */

/* Begin PBXNativeTarget section */
		AAEC4A9528A048350070DAF2 /* ContactsManipulation */ = {
			isa = PBXNativeTarget;
			buildConfigurationList = AAEC4AA428A048370070DAF2 /* Build configuration list for PBXNativeTarget "ContactsManipulation" */;
			buildPhases = (
				AAEC4A9228A048350070DAF2 /* Sources */,
				AAEC4A9328A048350070DAF2 /* Frameworks */,
				AAEC4A9428A048350070DAF2 /* Resources */,
			);
			buildRules = (
			);
			dependencies = (
			);
			name = ContactsManipulation;
			packageProductDependencies = (
				AAEC4ABA28A4FC130070DAF2 /* Realm */,
				AAEC4ABC28A4FC130070DAF2 /* RealmSwift */,
				AA35FC3528AAC7F400ACBDA7 /* Realm */,
				AA35FC3728AAC7F400ACBDA7 /* RealmSwift */,
			);
			productName = ContactsManipulation;
			productReference = AAEC4A9628A048350070DAF2 /* ContactsManipulation.app */;
			productType = "com.apple.product-type.application";
		};
/* End PBXNativeTarget section */

/* Begin PBXProject section */
		AAEC4A8E28A048350070DAF2 /* Project object */ = {
			isa = PBXProject;
			attributes = {
				BuildIndependentTargetsInParallel = 1;
				LastSwiftUpdateCheck = 1340;
				LastUpgradeCheck = 1340;
				TargetAttributes = {
					AAEC4A9528A048350070DAF2 = {
						CreatedOnToolsVersion = 13.4.1;
					};
				};
			};
			buildConfigurationList = AAEC4A9128A048350070DAF2 /* Build configuration list for PBXProject "ContactsManipulation" */;
			compatibilityVersion = "Xcode 13.0";
			developmentRegion = en;
			hasScannedForEncodings = 0;
			knownRegions = (
				en,
				Base,
			);
			mainGroup = AAEC4A8D28A048350070DAF2;
			packageReferences = (
				AAEC4AB928A4FC130070DAF2 /* XCRemoteSwiftPackageReference "realm-swift" */,
				AA35FC3428AAC7F400ACBDA7 /* XCRemoteSwiftPackageReference "realm-swift" */,
			);
			productRefGroup = AAEC4A9728A048350070DAF2 /* Products */;
			projectDirPath = "";
			projectRoot = "";
			targets = (
				AAEC4A9528A048350070DAF2 /* ContactsManipulation */,
			);
		};
/* End PBXProject section */

/* Begin PBXResourcesBuildPhase section */
		AAEC4A9428A048350070DAF2 /* Resources */ = {
			isa = PBXResourcesBuildPhase;
			buildActionMask = 2147483647;
			files = (
				AAEC4AA128A048370070DAF2 /* Preview Assets.xcassets in Resources */,
				AAEC4A9E28A048370070DAF2 /* Assets.xcassets in Resources */,
			);
			runOnlyForDeploymentPostprocessing = 0;
		};
/* End PBXResourcesBuildPhase section */

/* Begin PBXSourcesBuildPhase section */
		AAEC4A9228A048350070DAF2 /* Sources */ = {
			isa = PBXSourcesBuildPhase;
			buildActionMask = 2147483647;
			files = (
				AAEC4AB628A3DB130070DAF2 /* ContactCell.swift in Sources */,
				AAEC4AAA28A049320070DAF2 /* Contact.swift in Sources */,
				AAEC4AC928A51DC50070DAF2 /* ContactsEdit.swift in Sources */,
				AAEC4A9C28A048350070DAF2 /* ContentView.swift in Sources */,
				AAEC4AAC28A049620070DAF2 /* ViewModel.swift in Sources */,
				AAEC4AB428A3DA7F0070DAF2 /* DetailView.swift in Sources */,
				AAEC4A9A28A048350070DAF2 /* ContactsManipulationApp.swift in Sources */,
				AAEC4AB828A3DBD90070DAF2 /* Modifications.swift in Sources */,
			);
			runOnlyForDeploymentPostprocessing = 0;
		};
/* End PBXSourcesBuildPhase section */

/* Begin XCBuildConfiguration section */
		AAEC4AA228A048370070DAF2 /* Debug */ = {
			isa = XCBuildConfiguration;
			buildSettings = {
				ALWAYS_SEARCH_USER_PATHS = NO;
				CLANG_ANALYZER_NONNULL = YES;
				CLANG_ANALYZER_NUMBER_OBJECT_CONVERSION = YES_AGGRESSIVE;
				CLANG_CXX_LANGUAGE_STANDARD = "gnu++17";
				CLANG_ENABLE_MODULES = YES;
				CLANG_ENABLE_OBJC_ARC = YES;
				CLANG_ENABLE_OBJC_WEAK = YES;
				CLANG_WARN_BLOCK_CAPTURE_AUTORELEASING = YES;
				CLANG_WARN_BOOL_CONVERSION = YES;
				CLANG_WARN_COMMA = YES;
				CLANG_WARN_CONSTANT_CONVERSION = YES;
				CLANG_WARN_DEPRECATED_OBJC_IMPLEMENTATIONS = YES;
				CLANG_WARN_DIRECT_OBJC_ISA_USAGE = YES_ERROR;
				CLANG_WARN_DOCUMENTATION_COMMENTS = YES;
				CLANG_WARN_EMPTY_BODY = YES;
				CLANG_WARN_ENUM_CONVERSION = YES;
				CLANG_WARN_INFINITE_RECURSION = YES;
				CLANG_WARN_INT_CONVERSION = YES;
				CLANG_WARN_NON_LITERAL_NULL_CONVERSION = YES;
				CLANG_WARN_OBJC_IMPLICIT_RETAIN_SELF = YES;
				CLANG_WARN_OBJC_LITERAL_CONVERSION = YES;
				CLANG_WARN_OBJC_ROOT_CLASS = YES_ERROR;
				CLANG_WARN_QUOTED_INCLUDE_IN_FRAMEWORK_HEADER = YES;
				CLANG_WARN_RANGE_LOOP_ANALYSIS = YES;
				CLANG_WARN_STRICT_PROTOTYPES = YES;
				CLANG_WARN_SUSPICIOUS_MOVE = YES;
				CLANG_WARN_UNGUARDED_AVAILABILITY = YES_AGGRESSIVE;
				CLANG_WARN_UNREACHABLE_CODE = YES;
				CLANG_WARN__DUPLICATE_METHOD_MATCH = YES;
				COPY_PHASE_STRIP = NO;
				DEBUG_INFORMATION_FORMAT = dwarf;
				ENABLE_STRICT_OBJC_MSGSEND = YES;
				ENABLE_TESTABILITY = YES;
				GCC_C_LANGUAGE_STANDARD = gnu11;
				GCC_DYNAMIC_NO_PIC = NO;
				GCC_NO_COMMON_BLOCKS = YES;
				GCC_OPTIMIZATION_LEVEL = 0;
				GCC_PREPROCESSOR_DEFINITIONS = (
					"DEBUG=1",
					"$(inherited)",
				);
				GCC_WARN_64_TO_32_BIT_CONVERSION = YES;
				GCC_WARN_ABOUT_RETURN_TYPE = YES_ERROR;
				GCC_WARN_UNDECLARED_SELECTOR = YES;
				GCC_WARN_UNINITIALIZED_AUTOS = YES_AGGRESSIVE;
				GCC_WARN_UNUSED_FUNCTION = YES;
				GCC_WARN_UNUSED_VARIABLE = YES;
				IPHONEOS_DEPLOYMENT_TARGET = 15.5;
				MTL_ENABLE_DEBUG_INFO = INCLUDE_SOURCE;
				MTL_FAST_MATH = YES;
				ONLY_ACTIVE_ARCH = YES;
				SDKROOT = iphoneos;
				SWIFT_ACTIVE_COMPILATION_CONDITIONS = DEBUG;
				SWIFT_OPTIMIZATION_LEVEL = "-Onone";
			};
			name = Debug;
		};
		AAEC4AA328A048370070DAF2 /* Release */ = {
			isa = XCBuildConfiguration;
			buildSettings = {
				ALWAYS_SEARCH_USER_PATHS = NO;
				CLANG_ANALYZER_NONNULL = YES;
				CLANG_ANALYZER_NUMBER_OBJECT_CONVERSION = YES_AGGRESSIVE;
				CLANG_CXX_LANGUAGE_STANDARD = "gnu++17";
				CLANG_ENABLE_MODULES = YES;
				CLANG_ENABLE_OBJC_ARC = YES;
				CLANG_ENABLE_OBJC_WEAK = YES;
				CLANG_WARN_BLOCK_CAPTURE_AUTORELEASING = YES;
				CLANG_WARN_BOOL_CONVERSION = YES;
				CLANG_WARN_COMMA = YES;
				CLANG_WARN_CONSTANT_CONVERSION = YES;
				CLANG_WARN_DEPRECATED_OBJC_IMPLEMENTATIONS = YES;
				CLANG_WARN_DIRECT_OBJC_ISA_USAGE = YES_ERROR;
				CLANG_WARN_DOCUMENTATION_COMMENTS = YES;
				CLANG_WARN_EMPTY_BODY = YES;
				CLANG_WARN_ENUM_CONVERSION = YES;
				CLANG_WARN_INFINITE_RECURSION = YES;
				CLANG_WARN_INT_CONVERSION = YES;
				CLANG_WARN_NON_LITERAL_NULL_CONVERSION = YES;
				CLANG_WARN_OBJC_IMPLICIT_RETAIN_SELF = YES;
				CLANG_WARN_OBJC_LITERAL_CONVERSION = YES;
				CLANG_WARN_OBJC_ROOT_CLASS = YES_ERROR;
				CLANG_WARN_QUOTED_INCLUDE_IN_FRAMEWORK_HEADER = YES;
				CLANG_WARN_RANGE_LOOP_ANALYSIS = YES;
				CLANG_WARN_STRICT_PROTOTYPES = YES;
				CLANG_WARN_SUSPICIOUS_MOVE = YES;
				CLANG_WARN_UNGUARDED_AVAILABILITY = YES_AGGRESSIVE;
				CLANG_WARN_UNREACHABLE_CODE = YES;
				CLANG_WARN__DUPLICATE_METHOD_MATCH = YES;
				COPY_PHASE_STRIP = NO;
				DEBUG_INFORMATION_FORMAT = "dwarf-with-dsym";
				ENABLE_NS_ASSERTIONS = NO;
				ENABLE_STRICT_OBJC_MSGSEND = YES;
				GCC_C_LANGUAGE_STANDARD = gnu11;
				GCC_NO_COMMON_BLOCKS = YES;
				GCC_WARN_64_TO_32_BIT_CONVERSION = YES;
				GCC_WARN_ABOUT_RETURN_TYPE = YES_ERROR;
				GCC_WARN_UNDECLARED_SELECTOR = YES;
				GCC_WARN_UNINITIALIZED_AUTOS = YES_AGGRESSIVE;
				GCC_WARN_UNUSED_FUNCTION = YES;
				GCC_WARN_UNUSED_VARIABLE = YES;
				IPHONEOS_DEPLOYMENT_TARGET = 15.5;
				MTL_ENABLE_DEBUG_INFO = NO;
				MTL_FAST_MATH = YES;
				SDKROOT = iphoneos;
				SWIFT_COMPILATION_MODE = wholemodule;
				SWIFT_OPTIMIZATION_LEVEL = "-O";
				VALIDATE_PRODUCT = YES;
			};
			name = Release;
		};
		AAEC4AA528A048370070DAF2 /* Debug */ = {
			isa = XCBuildConfiguration;
			buildSettings = {
				ASSETCATALOG_COMPILER_APPICON_NAME = AppIcon;
				ASSETCATALOG_COMPILER_GLOBAL_ACCENT_COLOR_NAME = AccentColor;
				CODE_SIGN_STYLE = Automatic;
				CURRENT_PROJECT_VERSION = 1;
				DEVELOPMENT_ASSET_PATHS = "\"ContactsManipulation/Preview Content\"";
				ENABLE_PREVIEWS = YES;
				GENERATE_INFOPLIST_FILE = YES;
				INFOPLIST_KEY_UIApplicationSceneManifest_Generation = YES;
				INFOPLIST_KEY_UIApplicationSupportsIndirectInputEvents = YES;
				INFOPLIST_KEY_UILaunchScreen_Generation = YES;
				INFOPLIST_KEY_UISupportedInterfaceOrientations_iPad = "UIInterfaceOrientationPortrait UIInterfaceOrientationPortraitUpsideDown UIInterfaceOrientationLandscapeLeft UIInterfaceOrientationLandscapeRight";
				INFOPLIST_KEY_UISupportedInterfaceOrientations_iPhone = "UIInterfaceOrientationPortrait UIInterfaceOrientationLandscapeLeft UIInterfaceOrientationLandscapeRight";
				LD_RUNPATH_SEARCH_PATHS = (
					"$(inherited)",
					"@executable_path/Frameworks",
				);
				MARKETING_VERSION = 1.0;
				PRODUCT_BUNDLE_IDENTIFIER = akash.ContactsManipulation;
				PRODUCT_NAME = "$(TARGET_NAME)";
				SWIFT_EMIT_LOC_STRINGS = YES;
				SWIFT_VERSION = 5.0;
				TARGETED_DEVICE_FAMILY = "1,2";
			};
			name = Debug;
		};
		AAEC4AA628A048370070DAF2 /* Release */ = {
			isa = XCBuildConfiguration;
			buildSettings = {
				ASSETCATALOG_COMPILER_APPICON_NAME = AppIcon;
				ASSETCATALOG_COMPILER_GLOBAL_ACCENT_COLOR_NAME = AccentColor;
				CODE_SIGN_STYLE = Automatic;
				CURRENT_PROJECT_VERSION = 1;
				DEVELOPMENT_ASSET_PATHS = "\"ContactsManipulation/Preview Content\"";
				ENABLE_PREVIEWS = YES;
				GENERATE_INFOPLIST_FILE = YES;
				INFOPLIST_KEY_UIApplicationSceneManifest_Generation = YES;
				INFOPLIST_KEY_UIApplicationSupportsIndirectInputEvents = YES;
				INFOPLIST_KEY_UILaunchScreen_Generation = YES;
				INFOPLIST_KEY_UISupportedInterfaceOrientations_iPad = "UIInterfaceOrientationPortrait UIInterfaceOrientationPortraitUpsideDown UIInterfaceOrientationLandscapeLeft UIInterfaceOrientationLandscapeRight";
				INFOPLIST_KEY_UISupportedInterfaceOrientations_iPhone = "UIInterfaceOrientationPortrait UIInterfaceOrientationLandscapeLeft UIInterfaceOrientationLandscapeRight";
				LD_RUNPATH_SEARCH_PATHS = (
					"$(inherited)",
					"@executable_path/Frameworks",
				);
				MARKETING_VERSION = 1.0;
				PRODUCT_BUNDLE_IDENTIFIER = akash.ContactsManipulation;
				PRODUCT_NAME = "$(TARGET_NAME)";
				SWIFT_EMIT_LOC_STRINGS = YES;
				SWIFT_VERSION = 5.0;
				TARGETED_DEVICE_FAMILY = "1,2";
			};
			name = Release;
		};
/* End XCBuildConfiguration section */

/* Begin XCConfigurationList section */
		AAEC4A9128A048350070DAF2 /* Build configuration list for PBXProject "ContactsManipulation" */ = {
			isa = XCConfigurationList;
			buildConfigurations = (
				AAEC4AA228A048370070DAF2 /* Debug */,
				AAEC4AA328A048370070DAF2 /* Release */,
			);
			defaultConfigurationIsVisible = 0;
			defaultConfigurationName = Release;
		};
		AAEC4AA428A048370070DAF2 /* Build configuration list for PBXNativeTarget "ContactsManipulation" */ = {
			isa = XCConfigurationList;
			buildConfigurations = (
				AAEC4AA528A048370070DAF2 /* Debug */,
				AAEC4AA628A048370070DAF2 /* Release */,
			);
			defaultConfigurationIsVisible = 0;
			defaultConfigurationName = Release;
		};
/* End XCConfigurationList section */

/* Begin XCRemoteSwiftPackageReference section */
		AA35FC3428AAC7F400ACBDA7 /* XCRemoteSwiftPackageReference "realm-swift" */ = {
			isa = XCRemoteSwiftPackageReference;
			repositoryURL = "https://github.com/realm/realm-swift.git";
			requirement = {
				branch = master;
				kind = branch;
			};
		};
		AAEC4AB928A4FC130070DAF2 /* XCRemoteSwiftPackageReference "realm-swift" */ = {
			isa = XCRemoteSwiftPackageReference;
			repositoryURL = "https://github.com/realm/realm-swift.git";
			requirement = {
				branch = master;
				kind = branch;
			};
		};
/* End XCRemoteSwiftPackageReference section */

/* Begin XCSwiftPackageProductDependency section */
		AA35FC3528AAC7F400ACBDA7 /* Realm */ = {
			isa = XCSwiftPackageProductDependency;
			package = AAEC4AB928A4FC130070DAF2 /* XCRemoteSwiftPackageReference "realm-swift" */;
			productName = Realm;
		};
		AA35FC3728AAC7F400ACBDA7 /* RealmSwift */ = {
			isa = XCSwiftPackageProductDependency;
			package = AAEC4AB928A4FC130070DAF2 /* XCRemoteSwiftPackageReference "realm-swift" */;
			productName = RealmSwift;
		};
		AAEC4ABA28A4FC130070DAF2 /* Realm */ = {
			isa = XCSwiftPackageProductDependency;
			package = AAEC4AB928A4FC130070DAF2 /* XCRemoteSwiftPackageReference "realm-swift" */;
			productName = Realm;
		};
		AAEC4ABC28A4FC130070DAF2 /* RealmSwift */ = {
			isa = XCSwiftPackageProductDependency;
			package = AAEC4AB928A4FC130070DAF2 /* XCRemoteSwiftPackageReference "realm-swift" */;
			productName = RealmSwift;
		};
/* End XCSwiftPackageProductDependency section */
	};
	rootObject = AAEC4A8E28A048350070DAF2 /* Project object */;
}
